{
  "nodes": {
    "home-manager": {
      "inputs": {
        "nixpkgs": [
          "nixpkgs"
        ]
      },
      "locked": {
        "lastModified": 1685189510,
        "narHash": "sha256-Hq5WF7zIixojPgvhgcd6MBvywwycVZ9wpK/8ogOyoaA=",
        "owner": "nix-community",
        "repo": "home-manager",
        "rev": "2d963854ae2499193c0c72fd67435fee34d3e4fd",
        "type": "github"
      },
      "original": {
        "owner": "nix-community",
        "repo": "home-manager",
        "type": "github"
      }
    },
    "nixpkgs": {
      "locked": {
        "lastModified": 1685168767,
        "narHash": "sha256-wQgnxz0PdqbyKKpsWl/RU8T8QhJQcHfeC6lh1xRUTfk=",
        "owner": "nixos",
        "repo": "nixpkgs",
        "rev": "e10802309bf9ae351eb27002c85cfdeb1be3b262",
        "type": "github"
      },
      "original": {
        "owner": "nixos",
        "ref": "nixos-unstable",
        "repo": "nixpkgs",
        "type": "github"
      }
    },
    "nur": {
      "locked": {
        "lastModified": 1685357177,
        "narHash": "sha256-nZY2n0SK9P83+YsA2V2FPmyRehnvWdvYT3hP6LJMdcM=",
        "owner": "nix-community",
        "repo": "NUR",
        "rev": "a6d951fa54a016ad538eee1dfad4e9520dca16c8",
        "type": "github"
      },
      "original": {
        "owner": "nix-community",
        "repo": "NUR",
        "type": "github"
      }
    },
    "root": {
      "inputs": {
        "home-manager": "home-manager",
        "nixpkgs": "nixpkgs",
        "nur": "nur",
        "userjs": "userjs"
      }
    },
    "userjs": {
      "flake": false,
      "locked": {
        "narHash": "sha256-d3ugYiMYycEC44DZdoLrGwjdzH1mtalJZ3Hkp6wuoEo=",
        "type": "file",
        "url": "https://raw.githubusercontent.com/arkenfox/user.js/master/user.js"
      },
      "original": {
        "type": "file",
        "url": "https://raw.githubusercontent.com/arkenfox/user.js/master/user.js"
      }
    }
  },
  "root": "root",
  "version": 7
}
